{
  "name": "e2e",
  "version": "1.0.0",
  "lockfileVersion": 2,
  "requires": true,
  "packages": {
    "": {
      "name": "e2e",
      "version": "1.0.0",
      "license": "ISC",
      "dependencies": {
        "typescript": "^3.1.4"
      }
    },
    "node_modules/typescript": {
      "version": "3.1.4",
      "resolved": "https://registry.npmjs.org/typescript/-/typescript-3.1.4.tgz",
      "integrity": "sha512-JZHJtA6ZL15+Q3Dqkbh8iCUmvxD3iJ7ujXS+fVkKnwIVAdHc5BJTDNM0aTrnr2luKulFjU7W+SRhDZvi66Ru7Q==",
      "bin": {
        "tsc": "bin/tsc",
        "tsserver": "bin/tsserver"
      },
      "engines": {
        "node": ">=4.2.0"
      }
    }
  },
  "dependencies": {
    "typescript": {
      "version": "3.1.4",
      "resolved": "https://registry.npmjs.org/typescript/-/typescript-3.1.4.tgz",
      "integrity": "sha512-JZHJtA6ZL15+Q3Dqkbh8iCUmvxD3iJ7ujXS+fVkKnwIVAdHc5BJTDNM0aTrnr2luKulFjU7W+SRhDZvi66Ru7Q=="
    }
  }
}
